
Microsoft Visual Studio Solution File, Format Version 12.00
# Visual Studio Version 16
VisualStudioVersion = 16.0.30907.101
MinimumVisualStudioVersion = 10.0.40219.1
Project("{FAE04EC0-301F-11D3-BF4B-00C04F79EFBC}") = "StringLibraryTest", "StringLibraryTest\StringLibraryTest.csproj", "{0C658327-7FA8-43B4-AE7A-5041CC209AB2}"
EndProject
Project("{FAE04EC0-301F-11D3-BF4B-00C04F79EFBC}") = "StringLibrary", "StringLibrary\StringLibrary.csproj", "{C344F142-2857-46CD-8FE7-C849561EC729}"
EndProject
Global
	GlobalSection(SolutionConfigurationPlatforms) = preSolution
		Debug|Any CPU = Debug|Any CPU
		Release|Any CPU = Release|Any CPU
	EndGlobalSection
	GlobalSection(ProjectConfigurationPlatforms) = postSolution
		{0C658327-7FA8-43B4-AE7A-5041CC209AB2}.Debug|Any CPU.ActiveCfg = Debug|Any CPU
		{0C658327-7FA8-43B4-AE7A-5041CC209AB2}.Debug|Any CPU.Build.0 = Debug|Any CPU
		{0C658327-7FA8-43B4-AE7A-5041CC209AB2}.Release|Any CPU.ActiveCfg = Release|Any CPU
		{0C658327-7FA8-43B4-AE7A-5041CC209AB2}.Release|Any CPU.Build.0 = Release|Any CPU
		{C344F142-2857-46CD-8FE7-C849561EC729}.Debug|Any CPU.ActiveCfg = Debug|Any CPU
		{C344F142-2857-46CD-8FE7-C849561EC729}.Debug|Any CPU.Build.0 = Debug|Any CPU
		{C344F142-2857-46CD-8FE7-C849561EC729}.Release|Any CPU.ActiveCfg = Release|Any CPU
		{C344F142-2857-46CD-8FE7-C849561EC729}.Release|Any CPU.Build.0 = Release|Any CPU
	EndGlobalSection
	GlobalSection(SolutionProperties) = preSolution
		HideSolutionNode = FALSE
	EndGlobalSection
	GlobalSection(ExtensibilityGlobals) = postSolution
		SolutionGuid = {4C375F8A-A652-4C92-BE7D-614CF5E85B95}
	EndGlobalSection
EndGlobal
